# This file is automatically @generated by Poetry 2.3.2 and should not be changed by hand.

[[package]]
name = "distlib"
version = "0.4.0"
description = "Distribution utilities"
optional = false
python-versions = "*"
groups = ["main"]
files = [
    {file = "distlib-0.4.0-py2.py3-none-any.whl", hash = "sha256:9659f7d87e46584a30b5780e43ac7a2143098441670ff0a49d5f9034c54a6c16"},
    {file = "distlib-0.4.0.tar.gz", hash = "sha256:feec40075be03a04501a973d81f633735b4b69f98b05450592310c0f401a4e0d"},
]

[[package]]
name = "filelock"
version = "3.25.2"
description = "A platform independent file lock."
optional = false
python-versions = ">=3.10"
groups = ["main"]
files = [
    {file = "filelock-3.25.2-py3-none-any.whl", hash = "sha256:ca8afb0da15f229774c9ad1b455ed96e85a81373065fb10446672f64444ddf70"},
    {file = "filelock-3.25.2.tar.gz", hash = "sha256:b64ece2b38f4ca29dd3e810287aa8c48182bbecd1ae6e9ae126c9b35f1382694"},
]

[[package]]
name = "platformdirs"
version = "4.9.4"
description = "A small Python package for determining appropriate platform-specific dirs, e.g. a `user data dir`."
optional = false
python-versions = ">=3.10"
groups = ["main"]
files = [
    {file = "platformdirs-4.9.4-py3-none-any.whl", hash = "sha256:68a9a4619a666ea6439f2ff250c12a853cd1cbd5158d258bd824a7df6be2f868"},
    {file = "platformdirs-4.9.4.tar.gz", hash = "sha256:1ec356301b7dc906d83f371c8f487070e99d3ccf9e501686456394622a01a934"},
]

[[package]]
name = "python-discovery"
version = "1.1.3"
description = "Python interpreter discovery"
optional = false
python-versions = ">=3.8"
groups = ["main"]
files = [
    {file = "python_discovery-1.1.3-py3-none-any.whl", hash = "sha256:90e795f0121bc84572e737c9aa9966311b9fde44ffb88a5953b3ec9b31c6945e"},
    {file = "python_discovery-1.1.3.tar.gz", hash = "sha256:7acca36e818cd88e9b2ba03e045ad7e93e1713e29c6bbfba5d90202310b7baa5"},
]

[package.dependencies]
filelock = ">=3.15.4"
platformdirs = ">=4.3.6,<5"

[package.extras]
docs = ["furo (>=2025.12.19)", "sphinx (>=9.1)", "sphinx-autodoc-typehints (>=3.6.3)", "sphinxcontrib-mermaid (>=2)"]
testing = ["covdefaults (>=2.3)", "coverage (>=7.5.4)", "pytest (>=8.3.5)", "pytest-mock (>=3.14)", "setuptools (>=75.1)"]

[[package]]
name = "virtualenv"
version = "21.2.0"
description = "Virtual Python Environment builder"
optional = false
python-versions = ">=3.8"
groups = ["main"]
files = [
    {file = "virtualenv-21.2.0-py3-none-any.whl", hash = "sha256:1bd755b504931164a5a496d217c014d098426cddc79363ad66ac78125f9d908f"},
    {file = "virtualenv-21.2.0.tar.gz", hash = "sha256:1720dc3a62ef5b443092e3f499228599045d7fea4c79199770499df8becf9098"},
]

[package.dependencies]
distlib = ">=0.3.7,<1"
filelock = {version = ">=3.24.2,<4", markers = "python_version >= \"3.10\""}
platformdirs = ">=3.9.1,<5"
python-discovery = ">=1"

[metadata]
lock-version = "2.1"
python-versions = ">=3.12"
content-hash = "5313c9fbb0824a020a74681cc0302ce5e161213e349743956f2fd0206eb3d146"
